# This file is automatically @generated by Cargo.
# It is not intended for manual editing.
version = 4

[[package]]
name = "snot"
version = "0.1.0"
dependencies = [
 "snot-check",
 "snot-fmt",
 "snot-lsp",
 "snot-syntax",
 "snot-workspace",
]

[[package]]
name = "snot-check"
version = "0.1.0"
dependencies = [
 "snot-syntax",
 "snot-workspace",
]

[[package]]
name = "snot-fmt"
version = "0.1.0"
dependencies = [
 "snot-syntax",
]

[[package]]
name = "snot-lsp"
version = "0.1.0"
dependencies = [
 "snot-check",
 "snot-fmt",
 "snot-syntax",
 "snot-workspace",
]

[[package]]
name = "snot-syntax"
version = "0.1.0"

[[package]]
name = "snot-workspace"
version = "0.1.0"
dependencies = [
 "snot-syntax",
]
